
Microsoft Visual Studio Solution File, Format Version 12.00
# Visual Studio Version 17
VisualStudioVersion = 17.9.34701.34
MinimumVisualStudioVersion = 10.0.40219.1
Project("{9A19103F-16F7-4668-BE54-9A1E7A4F7556}") = "IO.Swagger", "src\IO.Swagger\IO.Swagger.csproj", "{3374634E-4F4D-4D7B-BE51-919C81BD9955}"
EndProject
Project("{9A19103F-16F7-4668-BE54-9A1E7A4F7556}") = "Core", "Core\Core.csproj", "{8D425C06-DB5C-4F54-A3D7-4313BA9EAD7D}"
EndProject
Project("{9A19103F-16F7-4668-BE54-9A1E7A4F7556}") = "BL", "BL\BL.csproj", "{21BA3375-1B91-45C0-B17E-241C12D13FEC}"
EndProject
Project("{FAE04EC0-301F-11D3-BF4B-00C04F79EFBC}") = "TestProject1", "TestProject1\TestProject1.csproj", "{E2AC5BFD-E515-438D-8E4A-13D852C22D42}"
EndProject
Global
	GlobalSection(SolutionConfigurationPlatforms) = preSolution
		Debug|Any CPU = Debug|Any CPU
		Release|Any CPU = Release|Any CPU
	EndGlobalSection
	GlobalSection(ProjectConfigurationPlatforms) = postSolution
		{3374634E-4F4D-4D7B-BE51-919C81BD9955}.Debug|Any CPU.ActiveCfg = Debug|Any CPU
		{3374634E-4F4D-4D7B-BE51-919C81BD9955}.Debug|Any CPU.Build.0 = Debug|Any CPU
		{3374634E-4F4D-4D7B-BE51-919C81BD9955}.Release|Any CPU.ActiveCfg = Release|Any CPU
		{3374634E-4F4D-4D7B-BE51-919C81BD9955}.Release|Any CPU.Build.0 = Release|Any CPU
		{8D425C06-DB5C-4F54-A3D7-4313BA9EAD7D}.Debug|Any CPU.ActiveCfg = Debug|Any CPU
		{8D425C06-DB5C-4F54-A3D7-4313BA9EAD7D}.Debug|Any CPU.Build.0 = Debug|Any CPU
		{8D425C06-DB5C-4F54-A3D7-4313BA9EAD7D}.Release|Any CPU.ActiveCfg = Release|Any CPU
		{8D425C06-DB5C-4F54-A3D7-4313BA9EAD7D}.Release|Any CPU.Build.0 = Release|Any CPU
		{21BA3375-1B91-45C0-B17E-241C12D13FEC}.Debug|Any CPU.ActiveCfg = Debug|Any CPU
		{21BA3375-1B91-45C0-B17E-241C12D13FEC}.Debug|Any CPU.Build.0 = Debug|Any CPU
		{21BA3375-1B91-45C0-B17E-241C12D13FEC}.Release|Any CPU.ActiveCfg = Release|Any CPU
		{21BA3375-1B91-45C0-B17E-241C12D13FEC}.Release|Any CPU.Build.0 = Release|Any CPU
		{E2AC5BFD-E515-438D-8E4A-13D852C22D42}.Debug|Any CPU.ActiveCfg = Debug|Any CPU
		{E2AC5BFD-E515-438D-8E4A-13D852C22D42}.Debug|Any CPU.Build.0 = Debug|Any CPU
		{E2AC5BFD-E515-438D-8E4A-13D852C22D42}.Release|Any CPU.ActiveCfg = Release|Any CPU
		{E2AC5BFD-E515-438D-8E4A-13D852C22D42}.Release|Any CPU.Build.0 = Release|Any CPU
	EndGlobalSection
	GlobalSection(SolutionProperties) = preSolution
		HideSolutionNode = FALSE
	EndGlobalSection
	GlobalSection(ExtensibilityGlobals) = postSolution
		SolutionGuid = {C4A5AE54-806F-4FA2-9A20-B9ED1CD308CE}
	EndGlobalSection
EndGlobal
